github.com/briandowns/spinner v0.0.0-20190212173954-5cf08d0ac778 h1:Dmz6bJXocvwkw7BOz4jpyVZReGrkjs+fBDWKn5tBES4=
github.com/briandowns/spinner v0.0.0-20190212173954-5cf08d0ac778/go.mod h1:hw/JEQBIE+c/BLI4aKM8UU8v+ZqrD3h7HC27kKt8JQU=
github.com/davecgh/go-spew v1.1.1/go.mod h1:J7Y8YcW2NihsgmVo/mv3lAwl/skON4iLHjSsI+c5H38=
github.com/fatih/color v1.7.0 h1:DkWD4oS2D8LGGgTQ6IvwJJXSL5Vp2ffcQg58nFV38Ys=
github.com/fatih/color v1.7.0/go.mod h1:Zm6kSWBoL9eyXnKyktHP6abPY2pDugNf5KwzbycvMj4=
github.com/jinzhu/now v1.0.0 h1:6WV8LvwPpDhKjo5U9O6b4+xdG/jTXNPwlDme/MTo8Ns=
github.com/jinzhu/now v1.0.0/go.mod h1:oHTiXerJ20+SfYcrdlBO7rzZRJWGwSTQ0iUY2jI6Gfc=
github.com/klauspost/compress v1.4.1 h1:8VMb5+0wMgdBykOV96DwNwKFQ+WTI4pzYURP99CcB9E=
github.com/klauspost/compress v1.4.1/go.mod h1:RyIbtBH6LamlWaDj8nUwkbUhJ87Yi3uG0guNDohfE1A=
github.com/klauspost/cpuid v1.2.0 h1:NMpwD2G9JSFOE1/TJjGSo5zG7Yb2bTe7eq1jH+irmeE=
github.com/klauspost/cpuid v1.2.0/go.mod h1:Pj4uuM528wm8OyEC2QMXAi2YiTZ96dNQPGgoMS4s3ek=
github.com/klauspost/pgzip v1.2.1 h1:oIPZROsWuPHpOdMVWLuJZXwgjhrW8r1yEX8UqMyeNHM=
github.com/klauspost/pgzip v1.2.1/go.mod h1:Ch1tH69qFZu15pkjo5kYi6mth2Zzwzt50oCQKQE9RUs=
github.com/konsorten/go-windows-terminal-sequences v1.0.1/go.mod h1:T0+1ngSBFLxvqU3pZ+m/2kptfBszLMUkC4ZK/EgS/cQ=
github.com/mattn/go-colorable v0.1.1 h1:G1f5SKeVxmagw/IyvzvtZE4Gybcc4Tr1tf7I8z0XgOg=
github.com/mattn/go-colorable v0.1.1/go.mod h1:FuOcm+DKB9mbwrcAfNl7/TZVBZ6rcnceauSikq3lYCQ=
github.com/mattn/go-isatty v0.0.5/go.mod h1:Iq45c/XA43vh69/j3iqttzPXn0bhXyGjM0Hdxcsrc5s=
github.com/mattn/go-isatty v0.0.6 h1:SrwhHcpV4nWrMGdNcC2kXpMfcBVYGDuTArqyhocJgvA=
github.com/mattn/go-isatty v0.0.6/go.mod h1:Iq45c/XA43vh69/j3iqttzPXn0bhXyGjM0Hdxcsrc5s=
github.com/neurosnap/sentences v1.0.6 h1:iBVUivNtlwGkYsJblWV8GGVFmXzZzak907Ci8aA0VTE=
github.com/neurosnap/sentences v1.0.6/go.mod h1:pg1IapvYpWCJJm/Etxeh0+gtMf1rI1STY9S7eUCPbDc=
github.com/nytlabs/mxj v0.0.0-20140325221504-70c0faeef2e6 h1:lD1MPR+YHb5KmEolw1akAuK3HyOB3/L2UJrMS6PfXV4=
github.com/nytlabs/mxj v0.0.0-20140325221504-70c0faeef2e6/go.mod h1:cwqALNYTxCzsa1tIsUtBOUR3dZXd1iDJRjlGyZ2t3qw=
github.com/pmezard/go-difflib v1.0.0/go.mod h1:iKH77koFhYxTK1pcRnkKkqfTogsbg7gZNVY4sRDYZ/4=
github.com/sethgrid/pester v0.0.0-20190127155807-68a33a018ad0 h1:X9XMOYjxEfAYSy3xK1DzO5dMkkWhs9E9UCcS1IERx2k=
github.com/sethgrid/pester v0.0.0-20190127155807-68a33a018ad0/go.mod h1:Ad7IjTpvzZO8Fl0vh9AzQ+j/jYZfyp2diGwI8m5q+ns=
github.com/sirupsen/logrus v1.3.0 h1:hI/7Q+DtNZ2kINb6qt/lS+IyXnHQe9e90POfeewL/ME=
github.com/sirupsen/logrus v1.3.0/go.mod h1:LxeOpSwHxABJmUn/MG1IvRgCAasNZTLOkJPxbbu5VWo=
github.com/stretchr/objx v0.1.1/go.mod h1:HFkY916IF+rwdDfMAkV7OtwuqBVzrE8GR6GFx+wExME=
github.com/stretchr/testify v1.2.2/go.mod h1:a8OnRcib4nhh0OaRAV+Yts87kKdq0PP7pXfy6kDkUVs=
golang.org/x/crypto v0.0.0-20180904163835-0709b304e793 h1:u+LnwYTOOW7Ukr/fppxEb1Nwz0AtPflrblfvUudpo+I=
golang.org/x/crypto v0.0.0-20180904163835-0709b304e793/go.mod h1:6SG95UA2DQfeDnfUPMdvaQW0Q7yPrPDi9nlGo2tz2b4=
golang.org/x/net v0.0.0-20190301231341-16b79f2e4e95 h1:fY7Dsw114eJN4boqzVSbpVHO6rTdhq6/GnXeu+PKnzU=
golang.org/x/net v0.0.0-20190301231341-16b79f2e4e95/go.mod h1:mL1N/T3taQHkDXs73rZJwtUhF3w3ftmwwsq0BUmARs4=
golang.org/x/sys v0.0.0-20180905080454-ebe1bf3edb33 h1:I6FyU15t786LL7oL/hn43zqTuEGr4PN7F4XJ1p4E3Y8=
golang.org/x/sys v0.0.0-20180905080454-ebe1bf3edb33/go.mod h1:STP8DvDyc/dI5b8T5hshtkjS+E42TnysNCUPdjciGhY=
golang.org/x/sys v0.0.0-20190222072716-a9d3bda3a223 h1:DH4skfRX4EBpamg7iV4ZlCpblAHI6s6TDM39bFZumv8=
golang.org/x/sys v0.0.0-20190222072716-a9d3bda3a223/go.mod h1:STP8DvDyc/dI5b8T5hshtkjS+E42TnysNCUPdjciGhY=
golang.org/x/text v0.3.0 h1:g61tztE5qeGQ89tm6NTjjM9VPIm088od1l6aSorWRWg=
golang.org/x/text v0.3.0/go.mod h1:NqM8EUOU14njkJ3fqMW+pc6Ldnwhi/IjpwHt7yyuwOQ=
gopkg.in/neurosnap/sentences.v1 v1.0.6 h1:v7ElyP020iEZQONyLld3fHILHWOPs+ntzuQTNPkul8E=
gopkg.in/neurosnap/sentences.v1 v1.0.6/go.mod h1:YlK+SN+fLQZj+kY3r8DkGDhDr91+S3JmTb5LSxFRQo0=
